
Microsoft Visual Studio Solution File, Format Version 12.00
# Visual Studio Version 16
VisualStudioVersion = 16.0.30413.136
MinimumVisualStudioVersion = 10.0.40219.1
Project("{8BC9CEB8-8B4A-11D0-8D11-00A0C91BC942}") = "testing", "testing\testing.vcxproj", "{97CD99E8-99BE-4669-B7D7-675402CB8DBE}"
EndProject
Global
	GlobalSection(SolutionConfigurationPlatforms) = preSolution
		Debug|x64 = Debug|x64
		Debug|x86 = Debug|x86
		Release|x64 = Release|x64
		Release|x86 = Release|x86
	EndGlobalSection
	GlobalSection(ProjectConfigurationPlatforms) = postSolution
		{97CD99E8-99BE-4669-B7D7-675402CB8DBE}.Debug|x64.ActiveCfg = Debug|x64
		{97CD99E8-99BE-4669-B7D7-675402CB8DBE}.Debug|x64.Build.0 = Debug|x64
		{97CD99E8-99BE-4669-B7D7-675402CB8DBE}.Debug|x86.ActiveCfg = Debug|Win32
		{97CD99E8-99BE-4669-B7D7-675402CB8DBE}.Debug|x86.Build.0 = Debug|Win32
		{97CD99E8-99BE-4669-B7D7-675402CB8DBE}.Release|x64.ActiveCfg = Release|x64
		{97CD99E8-99BE-4669-B7D7-675402CB8DBE}.Release|x64.Build.0 = Release|x64
		{97CD99E8-99BE-4669-B7D7-675402CB8DBE}.Release|x86.ActiveCfg = Release|Win32
		{97CD99E8-99BE-4669-B7D7-675402CB8DBE}.Release|x86.Build.0 = Release|Win32
	EndGlobalSection
	GlobalSection(SolutionProperties) = preSolution
		HideSolutionNode = FALSE
	EndGlobalSection
	GlobalSection(ExtensibilityGlobals) = postSolution
		SolutionGuid = {259B85D5-38E9-44EB-BFB3-D8D6C8C89596}
	EndGlobalSection
EndGlobal
