
Microsoft Visual Studio Solution File, Format Version 12.00
# Visual Studio Version 16
VisualStudioVersion = 16.0.30413.136
MinimumVisualStudioVersion = 10.0.40219.1
Project("{8BC9CEB8-8B4A-11D0-8D11-00A0C91BC942}") = "Review_prog_01", "Review_prog_01\Review_prog_01.vcxproj", "{7EBDBA00-CADD-4333-A738-1A360562AB68}"
EndProject
Global
	GlobalSection(SolutionConfigurationPlatforms) = preSolution
		Debug|x64 = Debug|x64
		Debug|x86 = Debug|x86
		Release|x64 = Release|x64
		Release|x86 = Release|x86
	EndGlobalSection
	GlobalSection(ProjectConfigurationPlatforms) = postSolution
		{7EBDBA00-CADD-4333-A738-1A360562AB68}.Debug|x64.ActiveCfg = Debug|x64
		{7EBDBA00-CADD-4333-A738-1A360562AB68}.Debug|x64.Build.0 = Debug|x64
		{7EBDBA00-CADD-4333-A738-1A360562AB68}.Debug|x86.ActiveCfg = Debug|Win32
		{7EBDBA00-CADD-4333-A738-1A360562AB68}.Debug|x86.Build.0 = Debug|Win32
		{7EBDBA00-CADD-4333-A738-1A360562AB68}.Release|x64.ActiveCfg = Release|x64
		{7EBDBA00-CADD-4333-A738-1A360562AB68}.Release|x64.Build.0 = Release|x64
		{7EBDBA00-CADD-4333-A738-1A360562AB68}.Release|x86.ActiveCfg = Release|Win32
		{7EBDBA00-CADD-4333-A738-1A360562AB68}.Release|x86.Build.0 = Release|Win32
	EndGlobalSection
	GlobalSection(SolutionProperties) = preSolution
		HideSolutionNode = FALSE
	EndGlobalSection
	GlobalSection(ExtensibilityGlobals) = postSolution
		SolutionGuid = {405C069D-BFDF-42EA-ACC9-2E488965099E}
	EndGlobalSection
EndGlobal
